{
  "name": "cabbr-c",
  "lockfileVersion": 3,
  "requires": true,
  "packages": {
    "": {
      "dependencies": {
        "ini": "^4.1.1",
        "wave-resampler": "^1.0.0"
      }
    },
    "node_modules/ini": {
      "version": "4.1.1",
      "resolved": "https://registry.npmjs.org/ini/-/ini-4.1.1.tgz",
      "integrity": "sha512-QQnnxNyfvmHFIsj7gkPcYymR8Jdw/o7mp5ZFihxn6h8Ci6fh3Dx4E1gPjpQEpIuPo9XVNY/ZUwh4BPMjGyL01g==",
      "engines": {
        "node": "^14.17.0 || ^16.13.0 || >=18.0.0"
      }
    },
    "node_modules/wave-resampler": {
      "version": "1.0.0",
      "resolved": "https://registry.npmjs.org/wave-resampler/-/wave-resampler-1.0.0.tgz",
      "integrity": "sha512-bE3rbpZXuKAV52Cd8/BeJvy82ZqEHK8pPWHrZ9JioaVVTBlmWbDC+u4p9blhFcf0Skepb4hlOAHc25XfqLC48g==",
      "engines": {
        "node": ">=8"
      }
    }
  }
}
